// !$*UTF8*$!
{
	archiveVersion = 1;
	classes = {
	};
	objectVersion = 55;
	objects = {

/* Begin PBXBuildFile section */
		D31FAD9E43553A960056F221 /* AppDelegate.swift in Sources */ = {isa = PBXBuildFile; fileRef = D31FAD9D43553A960056F221 /* AppDelegate.swift */; };
		D31FADA043553A960056F221 /* SceneDelegate.swift in Sources */ = {isa = PBXBuildFile; fileRef = D31FAD9F43553A960056F221 /* SceneDelegate.swift */; };
		D31FADA243553A960056F221 /* ViewController.swift in Sources */ = {isa = PBXBuildFile; fileRef = D31FADA143553A960056F221 /* ViewController.swift */; };
		D31FADA543553A960056F221 /* Main.storyboard in Resources */ = {isa = PBXBuildFile; fileRef = D31FADA343553A960056F221 /* Main.storyboard */; };
		D31FADA843553A960056F221 /* postApi.xcdatamodeld in Sources */ = {isa = PBXBuildFile; fileRef = D31FADA643553A960056F221 /* postApi.xcdatamodeld */; };
		D31FADAA43553A970056F221 /* Assets.xcassets in Resources */ = {isa = PBXBuildFile; fileRef = D31FADA943553A970056F221 /* Assets.xcassets */; };
		D31FADAD43553A970056F221 /* LaunchScreen.storyboard in Resources */ = {isa = PBXBuildFile; fileRef = D31FADAB43553A970056F221 /* LaunchScreen.storyboard */; };
		D31FADB543553AA20056F221 /* File.swift in Sources */ = {isa = PBXBuildFile; fileRef = D31FADB443553AA20056F221 /* File.swift */; };
		D31FADB743553AA20056F221 /* myTableViewCell.swift in Sources */ = {isa = PBXBuildFile; fileRef = D31FADB643553AA20056F221 /* myTableViewCell.swift */; };
		D3F064B829D4144300FFEC64 /* ViewController2.swift in Sources */ = {isa = PBXBuildFile; fileRef = D3F064B729D4144300FFEC64 /* ViewController2.swift */; };
/* End PBXBuildFile section */

/* Begin PBXFileReference section */
		D31FAD9A43553A960056F221 /* postApi.app */ = {isa = PBXFileReference; explicitFileType = wrapper.application; includeInIndex = 0; path = postApi.app; sourceTree = BUILT_PRODUCTS_DIR; };
		D31FAD9D43553A960056F221 /* AppDelegate.swift */ = {isa = PBXFileReference; lastKnownFileType = sourcecode.swift; path = AppDelegate.swift; sourceTree = "<group>"; };
		D31FAD9F43553A960056F221 /* SceneDelegate.swift */ = {isa = PBXFileReference; lastKnownFileType = sourcecode.swift; path = SceneDelegate.swift; sourceTree = "<group>"; };
		D31FADA143553A960056F221 /* ViewController.swift */ = {isa = PBXFileReference; lastKnownFileType = sourcecode.swift; path = ViewController.swift; sourceTree = "<group>"; };
		D31FADA443553A960056F221 /* Base */ = {isa = PBXFileReference; lastKnownFileType = file.storyboard; name = Base; path = Base.lproj/Main.storyboard; sourceTree = "<group>"; };
		D31FADA743553A960056F221 /* postApi.xcdatamodel */ = {isa = PBXFileReference; lastKnownFileType = wrapper.xcdatamodel; path = postApi.xcdatamodel; sourceTree = "<group>"; };
		D31FADA943553A970056F221 /* Assets.xcassets */ = {isa = PBXFileReference; lastKnownFileType = folder.assetcatalog; path = Assets.xcassets; sourceTree = "<group>"; };
		D31FADAC43553A970056F221 /* Base */ = {isa = PBXFileReference; lastKnownFileType = file.storyboard; name = Base; path = Base.lproj/LaunchScreen.storyboard; sourceTree = "<group>"; };
		D31FADAE43553A970056F221 /* Info.plist */ = {isa = PBXFileReference; lastKnownFileType = text.plist.xml; path = Info.plist; sourceTree = "<group>"; };
		D31FADB443553AA20056F221 /* File.swift */ = {isa = PBXFileReference; lastKnownFileType = sourcecode.swift; path = File.swift; sourceTree = "<group>"; };
		D31FADB643553AA20056F221 /* myTableViewCell.swift */ = {isa = PBXFileReference; lastKnownFileType = sourcecode.swift; path = myTableViewCell.swift; sourceTree = "<group>"; };
		D3F064B729D4144300FFEC64 /* ViewController2.swift */ = {isa = PBXFileReference; lastKnownFileType = sourcecode.swift; path = ViewController2.swift; sourceTree = "<group>"; };
/* End PBXFileReference section */

/* Begin PBXFrameworksBuildPhase section */
		D31FAD9743553A960056F221 /* Frameworks */ = {
			isa = PBXFrameworksBuildPhase;
			buildActionMask = 2147483647;
			files = (
			);
			runOnlyForDeploymentPostprocessing = 0;
		};
/* End PBXFrameworksBuildPhase section */

/* Begin PBXGroup section */
		D31FAD9143553A950056F221 = {
			isa = PBXGroup;
			children = (
				D31FAD9C43553A960056F221 /* postApi */,
				D31FAD9B43553A960056F221 /* Products */,
			);
			sourceTree = "<group>";
		};
		D31FAD9B43553A960056F221 /* Products */ = {
			isa = PBXGroup;
			children = (
				D31FAD9A43553A960056F221 /* postApi.app */,
			);
			name = Products;
			sourceTree = "<group>";
		};
		D31FAD9C43553A960056F221 /* postApi */ = {
			isa = PBXGroup;
			children = (
				D31FAD9D43553A960056F221 /* AppDelegate.swift */,
				D31FAD9F43553A960056F221 /* SceneDelegate.swift */,
				D31FADA143553A960056F221 /* ViewController.swift */,
				D31FADB443553AA20056F221 /* File.swift */,
				D31FADA343553A960056F221 /* Main.storyboard */,
				D3F064B729D4144300FFEC64 /* ViewController2.swift */,
				D31FADB643553AA20056F221 /* myTableViewCell.swift */,
				D31FADA943553A970056F221 /* Assets.xcassets */,
				D31FADAB43553A970056F221 /* LaunchScreen.storyboard */,
				D31FADAE43553A970056F221 /* Info.plist */,
				D31FADA643553A960056F221 /* postApi.xcdatamodeld */,
			);
			path = postApi;
			sourceTree = "<group>";
		};
/* End PBXGroup section */

/* Begin PBXNativeTarget section */
		D31FAD9943553A960056F221 /* postApi */ = {
			isa = PBXNativeTarget;
			buildConfigurationList = D31FADB143553A970056F221 /* Build configuration list for PBXNativeTarget "postApi" */;
			buildPhases = (
				D31FAD9643553A960056F221 /* Sources */,
				D31FAD9743553A960056F221 /* Frameworks */,
				D31FAD9843553A960056F221 /* Resources */,
			);
			buildRules = (
			);
			dependencies = (
			);
			name = postApi;
			productName = postApi;
			productReference = D31FAD9A43553A960056F221 /* postApi.app */;
			productType = "com.apple.product-type.application";
		};
/* End PBXNativeTarget section */

/* Begin PBXProject section */
		D31FAD9243553A950056F221 /* Project object */ = {
			isa = PBXProject;
			attributes = {
				BuildIndependentTargetsInParallel = 1;
				LastSwiftUpdateCheck = 1300;
				LastUpgradeCheck = 1300;
				TargetAttributes = {
					D31FAD9943553A960056F221 = {
						CreatedOnToolsVersion = 13.0;
					};
				};
			};
			buildConfigurationList = D31FAD9543553A950056F221 /* Build configuration list for PBXProject "postApi" */;
			compatibilityVersion = "Xcode 13.0";
			developmentRegion = en;
			hasScannedForEncodings = 0;
			knownRegions = (
				en,
				Base,
			);
			mainGroup = D31FAD9143553A950056F221;
			productRefGroup = D31FAD9B43553A960056F221 /* Products */;
			projectDirPath = "";
			projectRoot = "";
			targets = (
				D31FAD9943553A960056F221 /* postApi */,
			);
		};
/* End PBXProject section */

/* Begin PBXResourcesBuildPhase section */
		D31FAD9843553A960056F221 /* Resources */ = {
			isa = PBXResourcesBuildPhase;
			buildActionMask = 2147483647;
			files = (
				D31FADAD43553A970056F221 /* LaunchScreen.storyboard in Resources */,
				D31FADAA43553A970056F221 /* Assets.xcassets in Resources */,
				D31FADA543553A960056F221 /* Main.storyboard in Resources */,
			);
			runOnlyForDeploymentPostprocessing = 0;
		};
/* End PBXResourcesBuildPhase section */

/* Begin PBXSourcesBuildPhase section */
		D31FAD9643553A960056F221 /* Sources */ = {
			isa = PBXSourcesBuildPhase;
			buildActionMask = 2147483647;
			files = (
				D3F064B829D4144300FFEC64 /* ViewController2.swift in Sources */,
				D31FADB543553AA20056F221 /* File.swift in Sources */,
				D31FADA843553A960056F221 /* postApi.xcdatamodeld in Sources */,
				D31FADA243553A960056F221 /* ViewController.swift in Sources */,
				D31FAD9E43553A960056F221 /* AppDelegate.swift in Sources */,
				D31FADA043553A960056F221 /* SceneDelegate.swift in Sources */,
				D31FADB743553AA20056F221 /* myTableViewCell.swift in Sources */,
			);
			runOnlyForDeploymentPostprocessing = 0;
		};
/* End PBXSourcesBuildPhase section */

/* Begin PBXVariantGroup section */
		D31FADA343553A960056F221 /* Main.storyboard */ = {
			isa = PBXVariantGroup;
			children = (
				D31FADA443553A960056F221 /* Base */,
			);
			name = Main.storyboard;
			sourceTree = "<group>";
		};
		D31FADAB43553A970056F221 /* LaunchScreen.storyboard */ = {
			isa = PBXVariantGroup;
			children = (
				D31FADAC43553A970056F221 /* Base */,
			);
			name = LaunchScreen.storyboard;
			sourceTree = "<group>";
		};
/* End PBXVariantGroup section */

/* Begin XCBuildConfiguration section */
		D31FADAF43553A970056F221 /* Debug */ = {
			isa = XCBuildConfiguration;
			buildSettings = {
				ALWAYS_SEARCH_USER_PATHS = NO;
				CLANG_ANALYZER_NONNULL = YES;
				CLANG_ANALYZER_NUMBER_OBJECT_CONVERSION = YES_AGGRESSIVE;
				CLANG_CXX_LANGUAGE_STANDARD = "gnu++17";
				CLANG_CXX_LIBRARY = "libc++";
				CLANG_ENABLE_MODULES = YES;
				CLANG_ENABLE_OBJC_ARC = YES;
				CLANG_ENABLE_OBJC_WEAK = YES;
				CLANG_WARN_BLOCK_CAPTURE_AUTORELEASING = YES;
				CLANG_WARN_BOOL_CONVERSION = YES;
				CLANG_WARN_COMMA = YES;
				CLANG_WARN_CONSTANT_CONVERSION = YES;
				CLANG_WARN_DEPRECATED_OBJC_IMPLEMENTATIONS = YES;
				CLANG_WARN_DIRECT_OBJC_ISA_USAGE = YES_ERROR;
				CLANG_WARN_DOCUMENTATION_COMMENTS = YES;
				CLANG_WARN_EMPTY_BODY = YES;
				CLANG_WARN_ENUM_CONVERSION = YES;
				CLANG_WARN_INFINITE_RECURSION = YES;
				CLANG_WARN_INT_CONVERSION = YES;
				CLANG_WARN_NON_LITERAL_NULL_CONVERSION = YES;
				CLANG_WARN_OBJC_IMPLICIT_RETAIN_SELF = YES;
				CLANG_WARN_OBJC_LITERAL_CONVERSION = YES;
				CLANG_WARN_OBJC_ROOT_CLASS = YES_ERROR;
				CLANG_WARN_QUOTED_INCLUDE_IN_FRAMEWORK_HEADER = YES;
				CLANG_WARN_RANGE_LOOP_ANALYSIS = YES;
				CLANG_WARN_STRICT_PROTOTYPES = YES;
				CLANG_WARN_SUSPICIOUS_MOVE = YES;
				CLANG_WARN_UNGUARDED_AVAILABILITY = YES_AGGRESSIVE;
				CLANG_WARN_UNREACHABLE_CODE = YES;
				CLANG_WARN__DUPLICATE_METHOD_MATCH = YES;
				COPY_PHASE_STRIP = NO;
				DEBUG_INFORMATION_FORMAT = dwarf;
				ENABLE_STRICT_OBJC_MSGSEND = YES;
				ENABLE_TESTABILITY = YES;
				GCC_C_LANGUAGE_STANDARD = gnu11;
				GCC_DYNAMIC_NO_PIC = NO;
				GCC_NO_COMMON_BLOCKS = YES;
				GCC_OPTIMIZATION_LEVEL = 0;
				GCC_PREPROCESSOR_DEFINITIONS = (
					"DEBUG=1",
					"$(inherited)",
				);
				GCC_WARN_64_TO_32_BIT_CONVERSION = YES;
				GCC_WARN_ABOUT_RETURN_TYPE = YES_ERROR;
				GCC_WARN_UNDECLARED_SELECTOR = YES;
				GCC_WARN_UNINITIALIZED_AUTOS = YES_AGGRESSIVE;
				GCC_WARN_UNUSED_FUNCTION = YES;
				GCC_WARN_UNUSED_VARIABLE = YES;
				IPHONEOS_DEPLOYMENT_TARGET = 15.0;
				MTL_ENABLE_DEBUG_INFO = INCLUDE_SOURCE;
				MTL_FAST_MATH = YES;
				ONLY_ACTIVE_ARCH = YES;
				SDKROOT = iphoneos;
				SWIFT_ACTIVE_COMPILATION_CONDITIONS = DEBUG;
				SWIFT_OPTIMIZATION_LEVEL = "-Onone";
			};
			name = Debug;
		};
		D31FADB043553A970056F221 /* Release */ = {
			isa = XCBuildConfiguration;
			buildSettings = {
				ALWAYS_SEARCH_USER_PATHS = NO;
				CLANG_ANALYZER_NONNULL = YES;
				CLANG_ANALYZER_NUMBER_OBJECT_CONVERSION = YES_AGGRESSIVE;
				CLANG_CXX_LANGUAGE_STANDARD = "gnu++17";
				CLANG_CXX_LIBRARY = "libc++";
				CLANG_ENABLE_MODULES = YES;
				CLANG_ENABLE_OBJC_ARC = YES;
				CLANG_ENABLE_OBJC_WEAK = YES;
				CLANG_WARN_BLOCK_CAPTURE_AUTORELEASING = YES;
				CLANG_WARN_BOOL_CONVERSION = YES;
				CLANG_WARN_COMMA = YES;
				CLANG_WARN_CONSTANT_CONVERSION = YES;
				CLANG_WARN_DEPRECATED_OBJC_IMPLEMENTATIONS = YES;
				CLANG_WARN_DIRECT_OBJC_ISA_USAGE = YES_ERROR;
				CLANG_WARN_DOCUMENTATION_COMMENTS = YES;
				CLANG_WARN_EMPTY_BODY = YES;
				CLANG_WARN_ENUM_CONVERSION = YES;
				CLANG_WARN_INFINITE_RECURSION = YES;
				CLANG_WARN_INT_CONVERSION = YES;
				CLANG_WARN_NON_LITERAL_NULL_CONVERSION = YES;
				CLANG_WARN_OBJC_IMPLICIT_RETAIN_SELF = YES;
				CLANG_WARN_OBJC_LITERAL_CONVERSION = YES;
				CLANG_WARN_OBJC_ROOT_CLASS = YES_ERROR;
				CLANG_WARN_QUOTED_INCLUDE_IN_FRAMEWORK_HEADER = YES;
				CLANG_WARN_RANGE_LOOP_ANALYSIS = YES;
				CLANG_WARN_STRICT_PROTOTYPES = YES;
				CLANG_WARN_SUSPICIOUS_MOVE = YES;
				CLANG_WARN_UNGUARDED_AVAILABILITY = YES_AGGRESSIVE;
				CLANG_WARN_UNREACHABLE_CODE = YES;
				CLANG_WARN__DUPLICATE_METHOD_MATCH = YES;
				COPY_PHASE_STRIP = NO;
				DEBUG_INFORMATION_FORMAT = "dwarf-with-dsym";
				ENABLE_NS_ASSERTIONS = NO;
				ENABLE_STRICT_OBJC_MSGSEND = YES;
				GCC_C_LANGUAGE_STANDARD = gnu11;
				GCC_NO_COMMON_BLOCKS = YES;
				GCC_WARN_64_TO_32_BIT_CONVERSION = YES;
				GCC_WARN_ABOUT_RETURN_TYPE = YES_ERROR;
				GCC_WARN_UNDECLARED_SELECTOR = YES;
				GCC_WARN_UNINITIALIZED_AUTOS = YES_AGGRESSIVE;
				GCC_WARN_UNUSED_FUNCTION = YES;
				GCC_WARN_UNUSED_VARIABLE = YES;
				IPHONEOS_DEPLOYMENT_TARGET = 15.0;
				MTL_ENABLE_DEBUG_INFO = NO;
				MTL_FAST_MATH = YES;
				SDKROOT = iphoneos;
				SWIFT_COMPILATION_MODE = wholemodule;
				SWIFT_OPTIMIZATION_LEVEL = "-O";
				VALIDATE_PRODUCT = YES;
			};
			name = Release;
		};
		D31FADB243553A970056F221 /* Debug */ = {
			isa = XCBuildConfiguration;
			buildSettings = {
				ASSETCATALOG_COMPILER_APPICON_NAME = AppIcon;
				ASSETCATALOG_COMPILER_GLOBAL_ACCENT_COLOR_NAME = AccentColor;
				CODE_SIGN_STYLE = Automatic;
				CURRENT_PROJECT_VERSION = 1;
				GENERATE_INFOPLIST_FILE = YES;
				INFOPLIST_FILE = postApi/Info.plist;
				INFOPLIST_KEY_UIApplicationSupportsIndirectInputEvents = YES;
				INFOPLIST_KEY_UILaunchStoryboardName = LaunchScreen;
				INFOPLIST_KEY_UIMainStoryboardFile = Main;
				INFOPLIST_KEY_UISupportedInterfaceOrientations_iPad = "UIInterfaceOrientationPortrait UIInterfaceOrientationPortraitUpsideDown UIInterfaceOrientationLandscapeLeft UIInterfaceOrientationLandscapeRight";
				INFOPLIST_KEY_UISupportedInterfaceOrientations_iPhone = "UIInterfaceOrientationPortrait UIInterfaceOrientationLandscapeLeft UIInterfaceOrientationLandscapeRight";
				LD_RUNPATH_SEARCH_PATHS = (
					"$(inherited)",
					"@executable_path/Frameworks",
				);
				MARKETING_VERSION = 1.0;
				PRODUCT_BUNDLE_IDENTIFIER = postapi.postApi;
				PRODUCT_NAME = "$(TARGET_NAME)";
				SWIFT_EMIT_LOC_STRINGS = YES;
				SWIFT_VERSION = 5.0;
				TARGETED_DEVICE_FAMILY = "1,2";
			};
			name = Debug;
		};
		D31FADB343553A970056F221 /* Release */ = {
			isa = XCBuildConfiguration;
			buildSettings = {
				ASSETCATALOG_COMPILER_APPICON_NAME = AppIcon;
				ASSETCATALOG_COMPILER_GLOBAL_ACCENT_COLOR_NAME = AccentColor;
				CODE_SIGN_STYLE = Automatic;
				CURRENT_PROJECT_VERSION = 1;
				GENERATE_INFOPLIST_FILE = YES;
				INFOPLIST_FILE = postApi/Info.plist;
				INFOPLIST_KEY_UIApplicationSupportsIndirectInputEvents = YES;
				INFOPLIST_KEY_UILaunchStoryboardName = LaunchScreen;
				INFOPLIST_KEY_UIMainStoryboardFile = Main;
				INFOPLIST_KEY_UISupportedInterfaceOrientations_iPad = "UIInterfaceOrientationPortrait UIInterfaceOrientationPortraitUpsideDown UIInterfaceOrientationLandscapeLeft UIInterfaceOrientationLandscapeRight";
				INFOPLIST_KEY_UISupportedInterfaceOrientations_iPhone = "UIInterfaceOrientationPortrait UIInterfaceOrientationLandscapeLeft UIInterfaceOrientationLandscapeRight";
				LD_RUNPATH_SEARCH_PATHS = (
					"$(inherited)",
					"@executable_path/Frameworks",
				);
				MARKETING_VERSION = 1.0;
				PRODUCT_BUNDLE_IDENTIFIER = postapi.postApi;
				PRODUCT_NAME = "$(TARGET_NAME)";
				SWIFT_EMIT_LOC_STRINGS = YES;
				SWIFT_VERSION = 5.0;
				TARGETED_DEVICE_FAMILY = "1,2";
			};
			name = Release;
		};
/* End XCBuildConfiguration section */

/* Begin XCConfigurationList section */
		D31FAD9543553A950056F221 /* Build configuration list for PBXProject "postApi" */ = {
			isa = XCConfigurationList;
			buildConfigurations = (
				D31FADAF43553A970056F221 /* Debug */,
				D31FADB043553A970056F221 /* Release */,
			);
			defaultConfigurationIsVisible = 0;
			defaultConfigurationName = Release;
		};
		D31FADB143553A970056F221 /* Build configuration list for PBXNativeTarget "postApi" */ = {
			isa = XCConfigurationList;
			buildConfigurations = (
				D31FADB243553A970056F221 /* Debug */,
				D31FADB343553A970056F221 /* Release */,
			);
			defaultConfigurationIsVisible = 0;
			defaultConfigurationName = Release;
		};
/* End XCConfigurationList section */

/* Begin XCVersionGroup section */
		D31FADA643553A960056F221 /* postApi.xcdatamodeld */ = {
			isa = XCVersionGroup;
			children = (
				D31FADA743553A960056F221 /* postApi.xcdatamodel */,
			);
			currentVersion = D31FADA743553A960056F221 /* postApi.xcdatamodel */;
			path = postApi.xcdatamodeld;
			sourceTree = "<group>";
			versionGroupType = wrapper.xcdatamodel;
		};
/* End XCVersionGroup section */
	};
	rootObject = D31FAD9243553A950056F221 /* Project object */;
}
